// !$*UTF8*$!
{
	archiveVersion = 1;
	classes = {
	};
	objectVersion = 48;
	objects = {

/* Begin PBXBuildFile section */
		9100D301203FBE7200947178 /* UserDataHelper.swift in Sources */ = {isa = PBXBuildFile; fileRef = 9100D300203FBE7200947178 /* UserDataHelper.swift */; };
		91291FE7203EBFE6001EC753 /* RegisterViewController.swift in Sources */ = {isa = PBXBuildFile; fileRef = 91291FDE203EBFE5001EC753 /* RegisterViewController.swift */; };
		91291FE8203EBFE6001EC753 /* LoginViewController.swift in Sources */ = {isa = PBXBuildFile; fileRef = 91291FE5203EBFE6001EC753 /* LoginViewController.swift */; };
		91291FE9203EBFE6001EC753 /* RatingController.swift in Sources */ = {isa = PBXBuildFile; fileRef = 91291FE6203EBFE6001EC753 /* RatingController.swift */; };
		916906302059EA1300E2ABDD /* AES256CBC.swift in Sources */ = {isa = PBXBuildFile; fileRef = 9169062F2059EA1300E2ABDD /* AES256CBC.swift */; };
		9175189D203ECB2200AD5E51 /* User.swift in Sources */ = {isa = PBXBuildFile; fileRef = 9175189C203ECB2200AD5E51 /* User.swift */; };
		91C1925F2029062E00CCCBF0 /* Dish.swift in Sources */ = {isa = PBXBuildFile; fileRef = 91C1925E2029062E00CCCBF0 /* Dish.swift */; };
		91C1926120290A3E00CCCBF0 /* MealTableViewController.swift in Sources */ = {isa = PBXBuildFile; fileRef = 91C1926020290A3E00CCCBF0 /* MealTableViewController.swift */; };
		91C1926320290A8C00CCCBF0 /* MealTableViewCell.swift in Sources */ = {isa = PBXBuildFile; fileRef = 91C1926220290A8C00CCCBF0 /* MealTableViewCell.swift */; };
		91C770A520246F8B00BF72C1 /* RestaurantController.swift in Sources */ = {isa = PBXBuildFile; fileRef = 91C770A420246F8B00BF72C1 /* RestaurantController.swift */; };
		91F1362020181C6300D11166 /* RestuarantTableViewTableViewController.swift in Sources */ = {isa = PBXBuildFile; fileRef = 91F1361F20181C6300D11166 /* RestuarantTableViewTableViewController.swift */; };
		91F1362220181D8000D11166 /* RestuarantsTableViewCell.swift in Sources */ = {isa = PBXBuildFile; fileRef = 91F1362120181D8000D11166 /* RestuarantsTableViewCell.swift */; };
		91F93ED5202A89BD00991FAF /* DishViewController.swift in Sources */ = {isa = PBXBuildFile; fileRef = 91F93ED4202A89BD00991FAF /* DishViewController.swift */; };
		91FE0549204023F700AB5B46 /* UDRReferenceDataHelper.swift in Sources */ = {isa = PBXBuildFile; fileRef = 91FE0548204023F700AB5B46 /* UDRReferenceDataHelper.swift */; };
		F6379C1A203E331B004F4A45 /* DishDataHelper.swift in Sources */ = {isa = PBXBuildFile; fileRef = F6379C19203E331B004F4A45 /* DishDataHelper.swift */; };
		F6379C1C203E3A10004F4A45 /* RDReferenceDataHelper.swift in Sources */ = {isa = PBXBuildFile; fileRef = F6379C1B203E3A10004F4A45 /* RDReferenceDataHelper.swift */; };
		F6C1E384203D151300122663 /* iMenusDatabase.swift in Sources */ = {isa = PBXBuildFile; fileRef = F6C1E383203D151300122663 /* iMenusDatabase.swift */; };
		F6C1E38A203D77A200122663 /* Restaurant.swift in Sources */ = {isa = PBXBuildFile; fileRef = F6C1E389203D77A200122663 /* Restaurant.swift */; };
		F6C1E38C203D7ACE00122663 /* RestaurantDataHelper.swift in Sources */ = {isa = PBXBuildFile; fileRef = F6C1E38B203D7ACE00122663 /* RestaurantDataHelper.swift */; };
		F6E0315320180822003233F4 /* AppDelegate.swift in Sources */ = {isa = PBXBuildFile; fileRef = F6E0315220180822003233F4 /* AppDelegate.swift */; };
		F6E0315520180822003233F4 /* ViewController.swift in Sources */ = {isa = PBXBuildFile; fileRef = F6E0315420180822003233F4 /* ViewController.swift */; };
		F6E0315820180822003233F4 /* Main.storyboard in Resources */ = {isa = PBXBuildFile; fileRef = F6E0315620180822003233F4 /* Main.storyboard */; };
		F6E0315A20180822003233F4 /* Assets.xcassets in Resources */ = {isa = PBXBuildFile; fileRef = F6E0315920180822003233F4 /* Assets.xcassets */; };
		F6E0315D20180822003233F4 /* LaunchScreen.storyboard in Resources */ = {isa = PBXBuildFile; fileRef = F6E0315B20180822003233F4 /* LaunchScreen.storyboard */; };
		F6E0316820180822003233F4 /* iMenusTests.swift in Sources */ = {isa = PBXBuildFile; fileRef = F6E0316720180822003233F4 /* iMenusTests.swift */; };
		F6E0317320180822003233F4 /* iMenusUITests.swift in Sources */ = {isa = PBXBuildFile; fileRef = F6E0317220180822003233F4 /* iMenusUITests.swift */; };
		F6E446D4203E4FCD00B97AD5 /* SQLite.framework in Frameworks */ = {isa = PBXBuildFile; fileRef = F6E446C6203E4F9600B97AD5 /* SQLite.framework */; };
		F6E446D5203E4FCD00B97AD5 /* SQLite.framework in Embed Frameworks */ = {isa = PBXBuildFile; fileRef = F6E446C6203E4F9600B97AD5 /* SQLite.framework */; settings = {ATTRIBUTES = (CodeSignOnCopy, RemoveHeadersOnCopy, ); }; };
		F6E446D9203E502200B97AD5 /* iMenusDB.db in Resources */ = {isa = PBXBuildFile; fileRef = F6E446D8203E502200B97AD5 /* iMenusDB.db */; };
/* End PBXBuildFile section */

/* Begin PBXContainerItemProxy section */
		F6E0316420180822003233F4 /* PBXContainerItemProxy */ = {
			isa = PBXContainerItemProxy;
			containerPortal = F6E0314720180822003233F4 /* Project object */;
			proxyType = 1;
			remoteGlobalIDString = F6E0314E20180822003233F4;
			remoteInfo = iMenus;
		};
		F6E0316F20180822003233F4 /* PBXContainerItemProxy */ = {
			isa = PBXContainerItemProxy;
			containerPortal = F6E0314720180822003233F4 /* Project object */;
			proxyType = 1;
			remoteGlobalIDString = F6E0314E20180822003233F4;
			remoteInfo = iMenus;
		};
		F6E446C5203E4F9600B97AD5 /* PBXContainerItemProxy */ = {
			isa = PBXContainerItemProxy;
			containerPortal = F6E446BB203E4F9600B97AD5 /* SQLite.xcodeproj */;
			proxyType = 2;
			remoteGlobalIDString = EE247AD31C3F04ED00AE3E12;
			remoteInfo = "SQLite iOS";
		};
		F6E446C7203E4F9600B97AD5 /* PBXContainerItemProxy */ = {
			isa = PBXContainerItemProxy;
			containerPortal = F6E446BB203E4F9600B97AD5 /* SQLite.xcodeproj */;
			proxyType = 2;
			remoteGlobalIDString = EE247ADD1C3F04ED00AE3E12;
			remoteInfo = "SQLiteTests iOS";
		};
		F6E446C9203E4F9600B97AD5 /* PBXContainerItemProxy */ = {
			isa = PBXContainerItemProxy;
			containerPortal = F6E446BB203E4F9600B97AD5 /* SQLite.xcodeproj */;
			proxyType = 2;
			remoteGlobalIDString = EE247B3C1C3F3ED000AE3E12;
			remoteInfo = "SQLite Mac";
		};
		F6E446CB203E4F9600B97AD5 /* PBXContainerItemProxy */ = {
			isa = PBXContainerItemProxy;
			containerPortal = F6E446BB203E4F9600B97AD5 /* SQLite.xcodeproj */;
			proxyType = 2;
			remoteGlobalIDString = EE247B451C3F3ED000AE3E12;
			remoteInfo = "SQLiteTests Mac";
		};
		F6E446CD203E4F9600B97AD5 /* PBXContainerItemProxy */ = {
			isa = PBXContainerItemProxy;
			containerPortal = F6E446BB203E4F9600B97AD5 /* SQLite.xcodeproj */;
			proxyType = 2;
			remoteGlobalIDString = 03A65E5A1C6BB0F50062603F;
			remoteInfo = "SQLite tvOS";
		};
		F6E446CF203E4F9600B97AD5 /* PBXContainerItemProxy */ = {
			isa = PBXContainerItemProxy;
			containerPortal = F6E446BB203E4F9600B97AD5 /* SQLite.xcodeproj */;
			proxyType = 2;
			remoteGlobalIDString = 03A65E631C6BB0F60062603F;
			remoteInfo = "SQLiteTests tvOS";
		};
		F6E446D1203E4F9600B97AD5 /* PBXContainerItemProxy */ = {
			isa = PBXContainerItemProxy;
			containerPortal = F6E446BB203E4F9600B97AD5 /* SQLite.xcodeproj */;
			proxyType = 2;
			remoteGlobalIDString = A121AC451CA35C79005A31D1;
			remoteInfo = "SQLite watchOS";
		};
		F6E446D6203E4FCD00B97AD5 /* PBXContainerItemProxy */ = {
			isa = PBXContainerItemProxy;
			containerPortal = F6E446BB203E4F9600B97AD5 /* SQLite.xcodeproj */;
			proxyType = 1;
			remoteGlobalIDString = EE247AD21C3F04ED00AE3E12;
			remoteInfo = "SQLite iOS";
		};
/* End PBXContainerItemProxy section */

/* Begin PBXCopyFilesBuildPhase section */
		F6C1E382203D144000122663 /* Embed Frameworks */ = {
			isa = PBXCopyFilesBuildPhase;
			buildActionMask = 2147483647;
			dstPath = "";
			dstSubfolderSpec = 10;
			files = (
				F6E446D5203E4FCD00B97AD5 /* SQLite.framework in Embed Frameworks */,
			);
			name = "Embed Frameworks";
			runOnlyForDeploymentPostprocessing = 0;
		};
/* End PBXCopyFilesBuildPhase section */

/* Begin PBXFileReference section */
		9100D300203FBE7200947178 /* UserDataHelper.swift */ = {isa = PBXFileReference; lastKnownFileType = sourcecode.swift; path = UserDataHelper.swift; sourceTree = "<group>"; };
		91291FDE203EBFE5001EC753 /* RegisterViewController.swift */ = {isa = PBXFileReference; fileEncoding = 4; lastKnownFileType = sourcecode.swift; path = RegisterViewController.swift; sourceTree = "<group>"; };
		91291FE5203EBFE6001EC753 /* LoginViewController.swift */ = {isa = PBXFileReference; fileEncoding = 4; lastKnownFileType = sourcecode.swift; path = LoginViewController.swift; sourceTree = "<group>"; };
		91291FE6203EBFE6001EC753 /* RatingController.swift */ = {isa = PBXFileReference; fileEncoding = 4; lastKnownFileType = sourcecode.swift; path = RatingController.swift; sourceTree = "<group>"; };
		9169062F2059EA1300E2ABDD /* AES256CBC.swift */ = {isa = PBXFileReference; lastKnownFileType = sourcecode.swift; path = AES256CBC.swift; sourceTree = "<group>"; };
		9175189C203ECB2200AD5E51 /* User.swift */ = {isa = PBXFileReference; lastKnownFileType = sourcecode.swift; path = User.swift; sourceTree = "<group>"; };
		91C1925E2029062E00CCCBF0 /* Dish.swift */ = {isa = PBXFileReference; lastKnownFileType = sourcecode.swift; path = Dish.swift; sourceTree = "<group>"; };
		91C1926020290A3E00CCCBF0 /* MealTableViewController.swift */ = {isa = PBXFileReference; lastKnownFileType = sourcecode.swift; path = MealTableViewController.swift; sourceTree = "<group>"; };
		91C1926220290A8C00CCCBF0 /* MealTableViewCell.swift */ = {isa = PBXFileReference; lastKnownFileType = sourcecode.swift; path = MealTableViewCell.swift; sourceTree = "<group>"; };
		91C770A420246F8B00BF72C1 /* RestaurantController.swift */ = {isa = PBXFileReference; lastKnownFileType = sourcecode.swift; path = RestaurantController.swift; sourceTree = "<group>"; };
		91F1361F20181C6300D11166 /* RestuarantTableViewTableViewController.swift */ = {isa = PBXFileReference; lastKnownFileType = sourcecode.swift; path = RestuarantTableViewTableViewController.swift; sourceTree = "<group>"; };
		91F1362120181D8000D11166 /* RestuarantsTableViewCell.swift */ = {isa = PBXFileReference; lastKnownFileType = sourcecode.swift; path = RestuarantsTableViewCell.swift; sourceTree = "<group>"; };
		91F93ED4202A89BD00991FAF /* DishViewController.swift */ = {isa = PBXFileReference; lastKnownFileType = sourcecode.swift; path = DishViewController.swift; sourceTree = "<group>"; };
		91FE0548204023F700AB5B46 /* UDRReferenceDataHelper.swift */ = {isa = PBXFileReference; lastKnownFileType = sourcecode.swift; path = UDRReferenceDataHelper.swift; sourceTree = "<group>"; };
		F6379C19203E331B004F4A45 /* DishDataHelper.swift */ = {isa = PBXFileReference; lastKnownFileType = sourcecode.swift; path = DishDataHelper.swift; sourceTree = "<group>"; };
		F6379C1B203E3A10004F4A45 /* RDReferenceDataHelper.swift */ = {isa = PBXFileReference; lastKnownFileType = sourcecode.swift; path = RDReferenceDataHelper.swift; sourceTree = "<group>"; };
		F6C1E383203D151300122663 /* iMenusDatabase.swift */ = {isa = PBXFileReference; lastKnownFileType = sourcecode.swift; path = iMenusDatabase.swift; sourceTree = "<group>"; };
		F6C1E389203D77A200122663 /* Restaurant.swift */ = {isa = PBXFileReference; lastKnownFileType = sourcecode.swift; path = Restaurant.swift; sourceTree = "<group>"; };
		F6C1E38B203D7ACE00122663 /* RestaurantDataHelper.swift */ = {isa = PBXFileReference; lastKnownFileType = sourcecode.swift; path = RestaurantDataHelper.swift; sourceTree = "<group>"; };
		F6E0314F20180822003233F4 /* iMenus.app */ = {isa = PBXFileReference; explicitFileType = wrapper.application; includeInIndex = 0; path = iMenus.app; sourceTree = BUILT_PRODUCTS_DIR; };
		F6E0315220180822003233F4 /* AppDelegate.swift */ = {isa = PBXFileReference; lastKnownFileType = sourcecode.swift; path = AppDelegate.swift; sourceTree = "<group>"; };
		F6E0315420180822003233F4 /* ViewController.swift */ = {isa = PBXFileReference; lastKnownFileType = sourcecode.swift; path = ViewController.swift; sourceTree = "<group>"; };
		F6E0315720180822003233F4 /* Base */ = {isa = PBXFileReference; lastKnownFileType = file.storyboard; name = Base; path = Base.lproj/Main.storyboard; sourceTree = "<group>"; };
		F6E0315920180822003233F4 /* Assets.xcassets */ = {isa = PBXFileReference; lastKnownFileType = folder.assetcatalog; path = Assets.xcassets; sourceTree = "<group>"; };
		F6E0315C20180822003233F4 /* Base */ = {isa = PBXFileReference; lastKnownFileType = file.storyboard; name = Base; path = Base.lproj/LaunchScreen.storyboard; sourceTree = "<group>"; };
		F6E0315E20180822003233F4 /* Info.plist */ = {isa = PBXFileReference; lastKnownFileType = text.plist.xml; path = Info.plist; sourceTree = "<group>"; };
		F6E0316320180822003233F4 /* iMenusTests.xctest */ = {isa = PBXFileReference; explicitFileType = wrapper.cfbundle; includeInIndex = 0; path = iMenusTests.xctest; sourceTree = BUILT_PRODUCTS_DIR; };
		F6E0316720180822003233F4 /* iMenusTests.swift */ = {isa = PBXFileReference; lastKnownFileType = sourcecode.swift; path = iMenusTests.swift; sourceTree = "<group>"; };
		F6E0316920180822003233F4 /* Info.plist */ = {isa = PBXFileReference; lastKnownFileType = text.plist.xml; path = Info.plist; sourceTree = "<group>"; };
		F6E0316E20180822003233F4 /* iMenusUITests.xctest */ = {isa = PBXFileReference; explicitFileType = wrapper.cfbundle; includeInIndex = 0; path = iMenusUITests.xctest; sourceTree = BUILT_PRODUCTS_DIR; };
		F6E0317220180822003233F4 /* iMenusUITests.swift */ = {isa = PBXFileReference; lastKnownFileType = sourcecode.swift; path = iMenusUITests.swift; sourceTree = "<group>"; };
		F6E0317420180822003233F4 /* Info.plist */ = {isa = PBXFileReference; lastKnownFileType = text.plist.xml; path = Info.plist; sourceTree = "<group>"; };
		F6E446BB203E4F9600B97AD5 /* SQLite.xcodeproj */ = {isa = PBXFileReference; lastKnownFileType = "wrapper.pb-project"; name = SQLite.xcodeproj; path = "SQLite.swift-master/SQLite.xcodeproj"; sourceTree = "<group>"; };
		F6E446D8203E502200B97AD5 /* iMenusDB.db */ = {isa = PBXFileReference; lastKnownFileType = file; path = iMenusDB.db; sourceTree = "<group>"; };
/* End PBXFileReference section */

/* Begin PBXFrameworksBuildPhase section */
		F6E0314C20180822003233F4 /* Frameworks */ = {
			isa = PBXFrameworksBuildPhase;
			buildActionMask = 2147483647;
			files = (
				F6E446D4203E4FCD00B97AD5 /* SQLite.framework in Frameworks */,
			);
			runOnlyForDeploymentPostprocessing = 0;
		};
		F6E0316020180822003233F4 /* Frameworks */ = {
			isa = PBXFrameworksBuildPhase;
			buildActionMask = 2147483647;
			files = (
			);
			runOnlyForDeploymentPostprocessing = 0;
		};
		F6E0316B20180822003233F4 /* Frameworks */ = {
			isa = PBXFrameworksBuildPhase;
			buildActionMask = 2147483647;
			files = (
			);
			runOnlyForDeploymentPostprocessing = 0;
		};
/* End PBXFrameworksBuildPhase section */

/* Begin PBXGroup section */
		F6379C1D203E42EE004F4A45 /* Controllers */ = {
			isa = PBXGroup;
			children = (
				9169062F2059EA1300E2ABDD /* AES256CBC.swift */,
				91291FE5203EBFE6001EC753 /* LoginViewController.swift */,
				91291FE6203EBFE6001EC753 /* RatingController.swift */,
				91291FDE203EBFE5001EC753 /* RegisterViewController.swift */,
				F6E0315420180822003233F4 /* ViewController.swift */,
				91C770A420246F8B00BF72C1 /* RestaurantController.swift */,
				91F1361F20181C6300D11166 /* RestuarantTableViewTableViewController.swift */,
				91C1926020290A3E00CCCBF0 /* MealTableViewController.swift */,
				91F93ED4202A89BD00991FAF /* DishViewController.swift */,
			);
			path = Controllers;
			sourceTree = "<group>";
		};
		F6379C1E203E431B004F4A45 /* Entity Classes */ = {
			isa = PBXGroup;
			children = (
				F6C1E389203D77A200122663 /* Restaurant.swift */,
				91C1925E2029062E00CCCBF0 /* Dish.swift */,
				9175189C203ECB2200AD5E51 /* User.swift */,
			);
			path = "Entity Classes";
			sourceTree = "<group>";
		};
		F6379C1F203E435E004F4A45 /* View Cell Classes */ = {
			isa = PBXGroup;
			children = (
				91F1362120181D8000D11166 /* RestuarantsTableViewCell.swift */,
				91C1926220290A8C00CCCBF0 /* MealTableViewCell.swift */,
			);
			path = "View Cell Classes";
			sourceTree = "<group>";
		};
		F6379C20203E4387004F4A45 /* Persistence */ = {
			isa = PBXGroup;
			children = (
				F6C1E383203D151300122663 /* iMenusDatabase.swift */,
				F6C1E38B203D7ACE00122663 /* RestaurantDataHelper.swift */,
				F6379C19203E331B004F4A45 /* DishDataHelper.swift */,
				F6379C1B203E3A10004F4A45 /* RDReferenceDataHelper.swift */,
				9100D300203FBE7200947178 /* UserDataHelper.swift */,
				91FE0548204023F700AB5B46 /* UDRReferenceDataHelper.swift */,
			);
			path = Persistence;
			sourceTree = "<group>";
		};
		F6C1E3A5203D7BE500122663 /* Frameworks */ = {
			isa = PBXGroup;
			children = (
			);
			name = Frameworks;
			sourceTree = "<group>";
		};
		F6E0314620180822003233F4 = {
			isa = PBXGroup;
			children = (
				F6E0315120180822003233F4 /* iMenus */,
				F6E0316620180822003233F4 /* iMenusTests */,
				F6E0317120180822003233F4 /* iMenusUITests */,
				F6E0315020180822003233F4 /* Products */,
				F6C1E3A5203D7BE500122663 /* Frameworks */,
				F6E446BB203E4F9600B97AD5 /* SQLite.xcodeproj */,
			);
			sourceTree = "<group>";
		};
		F6E0315020180822003233F4 /* Products */ = {
			isa = PBXGroup;
			children = (
				F6E0314F20180822003233F4 /* iMenus.app */,
				F6E0316320180822003233F4 /* iMenusTests.xctest */,
				F6E0316E20180822003233F4 /* iMenusUITests.xctest */,
			);
			name = Products;
			sourceTree = "<group>";
		};
		F6E0315120180822003233F4 /* iMenus */ = {
			isa = PBXGroup;
			children = (
				F6379C1D203E42EE004F4A45 /* Controllers */,
				F6379C1E203E431B004F4A45 /* Entity Classes */,
				F6379C20203E4387004F4A45 /* Persistence */,
				F6379C1F203E435E004F4A45 /* View Cell Classes */,
				F6E0315220180822003233F4 /* AppDelegate.swift */,
				F6E0315620180822003233F4 /* Main.storyboard */,
				F6E0315920180822003233F4 /* Assets.xcassets */,
				F6E0315B20180822003233F4 /* LaunchScreen.storyboard */,
				F6E0315E20180822003233F4 /* Info.plist */,
				F6E446D8203E502200B97AD5 /* iMenusDB.db */,
			);
			path = iMenus;
			sourceTree = "<group>";
		};
		F6E0316620180822003233F4 /* iMenusTests */ = {
			isa = PBXGroup;
			children = (
				F6E0316720180822003233F4 /* iMenusTests.swift */,
				F6E0316920180822003233F4 /* Info.plist */,
			);
			path = iMenusTests;
			sourceTree = "<group>";
		};
		F6E0317120180822003233F4 /* iMenusUITests */ = {
			isa = PBXGroup;
			children = (
				F6E0317220180822003233F4 /* iMenusUITests.swift */,
				F6E0317420180822003233F4 /* Info.plist */,
			);
			path = iMenusUITests;
			sourceTree = "<group>";
		};
		F6E446BC203E4F9600B97AD5 /* Products */ = {
			isa = PBXGroup;
			children = (
				F6E446C6203E4F9600B97AD5 /* SQLite.framework */,
				F6E446C8203E4F9600B97AD5 /* SQLiteTests iOS.xctest */,
				F6E446CA203E4F9600B97AD5 /* SQLite.framework */,
				F6E446CC203E4F9600B97AD5 /* SQLiteTests Mac.xctest */,
				F6E446CE203E4F9600B97AD5 /* SQLite.framework */,
				F6E446D0203E4F9600B97AD5 /* SQLiteTests tvOS.xctest */,
				F6E446D2203E4F9600B97AD5 /* SQLite.framework */,
			);
			name = Products;
			sourceTree = "<group>";
		};
/* End PBXGroup section */

/* Begin PBXNativeTarget section */
		F6E0314E20180822003233F4 /* iMenus */ = {
			isa = PBXNativeTarget;
			buildConfigurationList = F6E0317720180822003233F4 /* Build configuration list for PBXNativeTarget "iMenus" */;
			buildPhases = (
				F6E0314B20180822003233F4 /* Sources */,
				F6E0314C20180822003233F4 /* Frameworks */,
				F6E0314D20180822003233F4 /* Resources */,
				F6C1E382203D144000122663 /* Embed Frameworks */,
			);
			buildRules = (
			);
			dependencies = (
				F6E446D7203E4FCD00B97AD5 /* PBXTargetDependency */,
			);
			name = iMenus;
			productName = iMenus;
			productReference = F6E0314F20180822003233F4 /* iMenus.app */;
			productType = "com.apple.product-type.application";
		};
		F6E0316220180822003233F4 /* iMenusTests */ = {
			isa = PBXNativeTarget;
			buildConfigurationList = F6E0317A20180822003233F4 /* Build configuration list for PBXNativeTarget "iMenusTests" */;
			buildPhases = (
				F6E0315F20180822003233F4 /* Sources */,
				F6E0316020180822003233F4 /* Frameworks */,
				F6E0316120180822003233F4 /* Resources */,
			);
			buildRules = (
			);
			dependencies = (
				F6E0316520180822003233F4 /* PBXTargetDependency */,
			);
			name = iMenusTests;
			productName = iMenusTests;
			productReference = F6E0316320180822003233F4 /* iMenusTests.xctest */;
			productType = "com.apple.product-type.bundle.unit-test";
		};
		F6E0316D20180822003233F4 /* iMenusUITests */ = {
			isa = PBXNativeTarget;
			buildConfigurationList = F6E0317D20180822003233F4 /* Build configuration list for PBXNativeTarget "iMenusUITests" */;
			buildPhases = (
				F6E0316A20180822003233F4 /* Sources */,
				F6E0316B20180822003233F4 /* Frameworks */,
				F6E0316C20180822003233F4 /* Resources */,
			);
			buildRules = (
			);
			dependencies = (
				F6E0317020180822003233F4 /* PBXTargetDependency */,
			);
			name = iMenusUITests;
			productName = iMenusUITests;
			productReference = F6E0316E20180822003233F4 /* iMenusUITests.xctest */;
			productType = "com.apple.product-type.bundle.ui-testing";
		};
/* End PBXNativeTarget section */

/* Begin PBXProject section */
		F6E0314720180822003233F4 /* Project object */ = {
			isa = PBXProject;
			attributes = {
				LastSwiftUpdateCheck = 0920;
				LastUpgradeCheck = 0920;
				ORGANIZATIONNAME = UWB;
				TargetAttributes = {
					F6E0314E20180822003233F4 = {
						CreatedOnToolsVersion = 9.2;
						ProvisioningStyle = Automatic;
					};
					F6E0316220180822003233F4 = {
						CreatedOnToolsVersion = 9.2;
						ProvisioningStyle = Automatic;
						TestTargetID = F6E0314E20180822003233F4;
					};
					F6E0316D20180822003233F4 = {
						CreatedOnToolsVersion = 9.2;
						ProvisioningStyle = Automatic;
						TestTargetID = F6E0314E20180822003233F4;
					};
				};
			};
			buildConfigurationList = F6E0314A20180822003233F4 /* Build configuration list for PBXProject "iMenus" */;
			compatibilityVersion = "Xcode 8.0";
			developmentRegion = en;
			hasScannedForEncodings = 0;
			knownRegions = (
				en,
				Base,
			);
			mainGroup = F6E0314620180822003233F4;
			productRefGroup = F6E0315020180822003233F4 /* Products */;
			projectDirPath = "";
			projectReferences = (
				{
					ProductGroup = F6E446BC203E4F9600B97AD5 /* Products */;
					ProjectRef = F6E446BB203E4F9600B97AD5 /* SQLite.xcodeproj */;
				},
			);
			projectRoot = "";
			targets = (
				F6E0314E20180822003233F4 /* iMenus */,
				F6E0316220180822003233F4 /* iMenusTests */,
				F6E0316D20180822003233F4 /* iMenusUITests */,
			);
		};
/* End PBXProject section */

/* Begin PBXReferenceProxy section */
		F6E446C6203E4F9600B97AD5 /* SQLite.framework */ = {
			isa = PBXReferenceProxy;
			fileType = wrapper.framework;
			path = SQLite.framework;
			remoteRef = F6E446C5203E4F9600B97AD5 /* PBXContainerItemProxy */;
			sourceTree = BUILT_PRODUCTS_DIR;
		};
		F6E446C8203E4F9600B97AD5 /* SQLiteTests iOS.xctest */ = {
			isa = PBXReferenceProxy;
			fileType = wrapper.cfbundle;
			path = "SQLiteTests iOS.xctest";
			remoteRef = F6E446C7203E4F9600B97AD5 /* PBXContainerItemProxy */;
			sourceTree = BUILT_PRODUCTS_DIR;
		};
		F6E446CA203E4F9600B97AD5 /* SQLite.framework */ = {
			isa = PBXReferenceProxy;
			fileType = wrapper.framework;
			path = SQLite.framework;
			remoteRef = F6E446C9203E4F9600B97AD5 /* PBXContainerItemProxy */;
			sourceTree = BUILT_PRODUCTS_DIR;
		};
		F6E446CC203E4F9600B97AD5 /* SQLiteTests Mac.xctest */ = {
			isa = PBXReferenceProxy;
			fileType = wrapper.cfbundle;
			path = "SQLiteTests Mac.xctest";
			remoteRef = F6E446CB203E4F9600B97AD5 /* PBXContainerItemProxy */;
			sourceTree = BUILT_PRODUCTS_DIR;
		};
		F6E446CE203E4F9600B97AD5 /* SQLite.framework */ = {
			isa = PBXReferenceProxy;
			fileType = wrapper.framework;
			path = SQLite.framework;
			remoteRef = F6E446CD203E4F9600B97AD5 /* PBXContainerItemProxy */;
			sourceTree = BUILT_PRODUCTS_DIR;
		};
		F6E446D0203E4F9600B97AD5 /* SQLiteTests tvOS.xctest */ = {
			isa = PBXReferenceProxy;
			fileType = wrapper.cfbundle;
			path = "SQLiteTests tvOS.xctest";
			remoteRef = F6E446CF203E4F9600B97AD5 /* PBXContainerItemProxy */;
			sourceTree = BUILT_PRODUCTS_DIR;
		};
		F6E446D2203E4F9600B97AD5 /* SQLite.framework */ = {
			isa = PBXReferenceProxy;
			fileType = wrapper.framework;
			path = SQLite.framework;
			remoteRef = F6E446D1203E4F9600B97AD5 /* PBXContainerItemProxy */;
			sourceTree = BUILT_PRODUCTS_DIR;
		};
/* End PBXReferenceProxy section */

/* Begin PBXResourcesBuildPhase section */
		F6E0314D20180822003233F4 /* Resources */ = {
			isa = PBXResourcesBuildPhase;
			buildActionMask = 2147483647;
			files = (
				F6E0315D20180822003233F4 /* LaunchScreen.storyboard in Resources */,
				F6E0315A20180822003233F4 /* Assets.xcassets in Resources */,
				F6E446D9203E502200B97AD5 /* iMenusDB.db in Resources */,
				F6E0315820180822003233F4 /* Main.storyboard in Resources */,
			);
			runOnlyForDeploymentPostprocessing = 0;
		};
		F6E0316120180822003233F4 /* Resources */ = {
			isa = PBXResourcesBuildPhase;
			buildActionMask = 2147483647;
			files = (
			);
			runOnlyForDeploymentPostprocessing = 0;
		};
		F6E0316C20180822003233F4 /* Resources */ = {
			isa = PBXResourcesBuildPhase;
			buildActionMask = 2147483647;
			files = (
			);
			runOnlyForDeploymentPostprocessing = 0;
		};
/* End PBXResourcesBuildPhase section */

/* Begin PBXSourcesBuildPhase section */
		F6E0314B20180822003233F4 /* Sources */ = {
			isa = PBXSourcesBuildPhase;
			buildActionMask = 2147483647;
			files = (
				F6C1E38A203D77A200122663 /* Restaurant.swift in Sources */,
				916906302059EA1300E2ABDD /* AES256CBC.swift in Sources */,
				91C770A520246F8B00BF72C1 /* RestaurantController.swift in Sources */,
				F6C1E384203D151300122663 /* iMenusDatabase.swift in Sources */,
				91C1925F2029062E00CCCBF0 /* Dish.swift in Sources */,
				9100D301203FBE7200947178 /* UserDataHelper.swift in Sources */,
				91F1362220181D8000D11166 /* RestuarantsTableViewCell.swift in Sources */,
				F6379C1C203E3A10004F4A45 /* RDReferenceDataHelper.swift in Sources */,
				91291FE7203EBFE6001EC753 /* RegisterViewController.swift in Sources */,
				9175189D203ECB2200AD5E51 /* User.swift in Sources */,
				91F93ED5202A89BD00991FAF /* DishViewController.swift in Sources */,
				F6E0315520180822003233F4 /* ViewController.swift in Sources */,
				91291FE9203EBFE6001EC753 /* RatingController.swift in Sources */,
				91C1926320290A8C00CCCBF0 /* MealTableViewCell.swift in Sources */,
				F6C1E38C203D7ACE00122663 /* RestaurantDataHelper.swift in Sources */,
				91F1362020181C6300D11166 /* RestuarantTableViewTableViewController.swift in Sources */,
				91291FE8203EBFE6001EC753 /* LoginViewController.swift in Sources */,
				F6379C1A203E331B004F4A45 /* DishDataHelper.swift in Sources */,
				91C1926120290A3E00CCCBF0 /* MealTableViewController.swift in Sources */,
				F6E0315320180822003233F4 /* AppDelegate.swift in Sources */,
				91FE0549204023F700AB5B46 /* UDRReferenceDataHelper.swift in Sources */,
			);
			runOnlyForDeploymentPostprocessing = 0;
		};
		F6E0315F20180822003233F4 /* Sources */ = {
			isa = PBXSourcesBuildPhase;
			buildActionMask = 2147483647;
			files = (
				F6E0316820180822003233F4 /* iMenusTests.swift in Sources */,
			);
			runOnlyForDeploymentPostprocessing = 0;
		};
		F6E0316A20180822003233F4 /* Sources */ = {
			isa = PBXSourcesBuildPhase;
			buildActionMask = 2147483647;
			files = (
				F6E0317320180822003233F4 /* iMenusUITests.swift in Sources */,
			);
			runOnlyForDeploymentPostprocessing = 0;
		};
/* End PBXSourcesBuildPhase section */

/* Begin PBXTargetDependency section */
		F6E0316520180822003233F4 /* PBXTargetDependency */ = {
			isa = PBXTargetDependency;
			target = F6E0314E20180822003233F4 /* iMenus */;
			targetProxy = F6E0316420180822003233F4 /* PBXContainerItemProxy */;
		};
		F6E0317020180822003233F4 /* PBXTargetDependency */ = {
			isa = PBXTargetDependency;
			target = F6E0314E20180822003233F4 /* iMenus */;
			targetProxy = F6E0316F20180822003233F4 /* PBXContainerItemProxy */;
		};
		F6E446D7203E4FCD00B97AD5 /* PBXTargetDependency */ = {
			isa = PBXTargetDependency;
			name = "SQLite iOS";
			targetProxy = F6E446D6203E4FCD00B97AD5 /* PBXContainerItemProxy */;
		};
/* End PBXTargetDependency section */

/* Begin PBXVariantGroup section */
		F6E0315620180822003233F4 /* Main.storyboard */ = {
			isa = PBXVariantGroup;
			children = (
				F6E0315720180822003233F4 /* Base */,
			);
			name = Main.storyboard;
			sourceTree = "<group>";
		};
		F6E0315B20180822003233F4 /* LaunchScreen.storyboard */ = {
			isa = PBXVariantGroup;
			children = (
				F6E0315C20180822003233F4 /* Base */,
			);
			name = LaunchScreen.storyboard;
			sourceTree = "<group>";
		};
/* End PBXVariantGroup section */

/* Begin XCBuildConfiguration section */
		F6E0317520180822003233F4 /* Debug */ = {
			isa = XCBuildConfiguration;
			buildSettings = {
				ALWAYS_SEARCH_USER_PATHS = NO;
				CLANG_ANALYZER_NONNULL = YES;
				CLANG_ANALYZER_NUMBER_OBJECT_CONVERSION = YES_AGGRESSIVE;
				CLANG_CXX_LANGUAGE_STANDARD = "gnu++14";
				CLANG_CXX_LIBRARY = "libc++";
				CLANG_ENABLE_MODULES = YES;
				CLANG_ENABLE_OBJC_ARC = YES;
				CLANG_WARN_BLOCK_CAPTURE_AUTORELEASING = YES;
				CLANG_WARN_BOOL_CONVERSION = YES;
				CLANG_WARN_COMMA = YES;
				CLANG_WARN_CONSTANT_CONVERSION = YES;
				CLANG_WARN_DIRECT_OBJC_ISA_USAGE = YES_ERROR;
				CLANG_WARN_DOCUMENTATION_COMMENTS = YES;
				CLANG_WARN_EMPTY_BODY = YES;
				CLANG_WARN_ENUM_CONVERSION = YES;
				CLANG_WARN_INFINITE_RECURSION = YES;
				CLANG_WARN_INT_CONVERSION = YES;
				CLANG_WARN_NON_LITERAL_NULL_CONVERSION = YES;
				CLANG_WARN_OBJC_LITERAL_CONVERSION = YES;
				CLANG_WARN_OBJC_ROOT_CLASS = YES_ERROR;
				CLANG_WARN_RANGE_LOOP_ANALYSIS = YES;
				CLANG_WARN_STRICT_PROTOTYPES = YES;
				CLANG_WARN_SUSPICIOUS_MOVE = YES;
				CLANG_WARN_UNGUARDED_AVAILABILITY = YES_AGGRESSIVE;
				CLANG_WARN_UNREACHABLE_CODE = YES;
				CLANG_WARN__DUPLICATE_METHOD_MATCH = YES;
				CODE_SIGN_IDENTITY = "iPhone Developer";
				COPY_PHASE_STRIP = NO;
				DEBUG_INFORMATION_FORMAT = dwarf;
				ENABLE_STRICT_OBJC_MSGSEND = YES;
				ENABLE_TESTABILITY = YES;
				GCC_C_LANGUAGE_STANDARD = gnu11;
				GCC_DYNAMIC_NO_PIC = NO;
				GCC_NO_COMMON_BLOCKS = YES;
				GCC_OPTIMIZATION_LEVEL = 0;
				GCC_PREPROCESSOR_DEFINITIONS = (
					"DEBUG=1",
					"$(inherited)",
				);
				GCC_WARN_64_TO_32_BIT_CONVERSION = YES;
				GCC_WARN_ABOUT_RETURN_TYPE = YES_ERROR;
				GCC_WARN_UNDECLARED_SELECTOR = YES;
				GCC_WARN_UNINITIALIZED_AUTOS = YES_AGGRESSIVE;
				GCC_WARN_UNUSED_FUNCTION = YES;
				GCC_WARN_UNUSED_VARIABLE = YES;
				IPHONEOS_DEPLOYMENT_TARGET = 11.2;
				MTL_ENABLE_DEBUG_INFO = YES;
				ONLY_ACTIVE_ARCH = YES;
				SDKROOT = iphoneos;
				SWIFT_ACTIVE_COMPILATION_CONDITIONS = DEBUG;
				SWIFT_OPTIMIZATION_LEVEL = "-Onone";
			};
			name = Debug;
		};
		F6E0317620180822003233F4 /* Release */ = {
			isa = XCBuildConfiguration;
			buildSettings = {
				ALWAYS_SEARCH_USER_PATHS = NO;
				CLANG_ANALYZER_NONNULL = YES;
				CLANG_ANALYZER_NUMBER_OBJECT_CONVERSION = YES_AGGRESSIVE;
				CLANG_CXX_LANGUAGE_STANDARD = "gnu++14";
				CLANG_CXX_LIBRARY = "libc++";
				CLANG_ENABLE_MODULES = YES;
				CLANG_ENABLE_OBJC_ARC = YES;
				CLANG_WARN_BLOCK_CAPTURE_AUTORELEASING = YES;
				CLANG_WARN_BOOL_CONVERSION = YES;
				CLANG_WARN_COMMA = YES;
				CLANG_WARN_CONSTANT_CONVERSION = YES;
				CLANG_WARN_DIRECT_OBJC_ISA_USAGE = YES_ERROR;
				CLANG_WARN_DOCUMENTATION_COMMENTS = YES;
				CLANG_WARN_EMPTY_BODY = YES;
				CLANG_WARN_ENUM_CONVERSION = YES;
				CLANG_WARN_INFINITE_RECURSION = YES;
				CLANG_WARN_INT_CONVERSION = YES;
				CLANG_WARN_NON_LITERAL_NULL_CONVERSION = YES;
				CLANG_WARN_OBJC_LITERAL_CONVERSION = YES;
				CLANG_WARN_OBJC_ROOT_CLASS = YES_ERROR;
				CLANG_WARN_RANGE_LOOP_ANALYSIS = YES;
				CLANG_WARN_STRICT_PROTOTYPES = YES;
				CLANG_WARN_SUSPICIOUS_MOVE = YES;
				CLANG_WARN_UNGUARDED_AVAILABILITY = YES_AGGRESSIVE;
				CLANG_WARN_UNREACHABLE_CODE = YES;
				CLANG_WARN__DUPLICATE_METHOD_MATCH = YES;
				CODE_SIGN_IDENTITY = "iPhone Developer";
				COPY_PHASE_STRIP = NO;
				DEBUG_INFORMATION_FORMAT = "dwarf-with-dsym";
				ENABLE_NS_ASSERTIONS = NO;
				ENABLE_STRICT_OBJC_MSGSEND = YES;
				GCC_C_LANGUAGE_STANDARD = gnu11;
				GCC_NO_COMMON_BLOCKS = YES;
				GCC_WARN_64_TO_32_BIT_CONVERSION = YES;
				GCC_WARN_ABOUT_RETURN_TYPE = YES_ERROR;
				GCC_WARN_UNDECLARED_SELECTOR = YES;
				GCC_WARN_UNINITIALIZED_AUTOS = YES_AGGRESSIVE;
				GCC_WARN_UNUSED_FUNCTION = YES;
				GCC_WARN_UNUSED_VARIABLE = YES;
				IPHONEOS_DEPLOYMENT_TARGET = 11.2;
				MTL_ENABLE_DEBUG_INFO = NO;
				SDKROOT = iphoneos;
				SWIFT_OPTIMIZATION_LEVEL = "-Owholemodule";
				VALIDATE_PRODUCT = YES;
			};
			name = Release;
		};
		F6E0317820180822003233F4 /* Debug */ = {
			isa = XCBuildConfiguration;
			buildSettings = {
				ALWAYS_EMBED_SWIFT_STANDARD_LIBRARIES = YES;
				ASSETCATALOG_COMPILER_APPICON_NAME = AppIcon;
				CODE_SIGN_STYLE = Automatic;
				INFOPLIST_FILE = iMenus/Info.plist;
				LD_RUNPATH_SEARCH_PATHS = "$(inherited) @executable_path/Frameworks";
				PRODUCT_BUNDLE_IDENTIFIER = MobileComputing.iMenus;
				PRODUCT_NAME = "$(TARGET_NAME)";
				SWIFT_VERSION = 4.0;
				TARGETED_DEVICE_FAMILY = "1,2";
			};
			name = Debug;
		};
		F6E0317920180822003233F4 /* Release */ = {
			isa = XCBuildConfiguration;
			buildSettings = {
				ALWAYS_EMBED_SWIFT_STANDARD_LIBRARIES = YES;
				ASSETCATALOG_COMPILER_APPICON_NAME = AppIcon;
				CODE_SIGN_STYLE = Automatic;
				INFOPLIST_FILE = iMenus/Info.plist;
				LD_RUNPATH_SEARCH_PATHS = "$(inherited) @executable_path/Frameworks";
				PRODUCT_BUNDLE_IDENTIFIER = MobileComputing.iMenus;
				PRODUCT_NAME = "$(TARGET_NAME)";
				SWIFT_VERSION = 4.0;
				TARGETED_DEVICE_FAMILY = "1,2";
			};
			name = Release;
		};
		F6E0317B20180822003233F4 /* Debug */ = {
			isa = XCBuildConfiguration;
			buildSettings = {
				ALWAYS_EMBED_SWIFT_STANDARD_LIBRARIES = YES;
				BUNDLE_LOADER = "$(TEST_HOST)";
				CODE_SIGN_STYLE = Automatic;
				INFOPLIST_FILE = iMenusTests/Info.plist;
				LD_RUNPATH_SEARCH_PATHS = "$(inherited) @executable_path/Frameworks @loader_path/Frameworks";
				PRODUCT_BUNDLE_IDENTIFIER = MobileComputing.iMenusTests;
				PRODUCT_NAME = "$(TARGET_NAME)";
				SWIFT_VERSION = 4.0;
				TARGETED_DEVICE_FAMILY = "1,2";
				TEST_HOST = "$(BUILT_PRODUCTS_DIR)/iMenus.app/iMenus";
			};
			name = Debug;
		};
		F6E0317C20180822003233F4 /* Release */ = {
			isa = XCBuildConfiguration;
			buildSettings = {
				ALWAYS_EMBED_SWIFT_STANDARD_LIBRARIES = YES;
				BUNDLE_LOADER = "$(TEST_HOST)";
				CODE_SIGN_STYLE = Automatic;
				INFOPLIST_FILE = iMenusTests/Info.plist;
				LD_RUNPATH_SEARCH_PATHS = "$(inherited) @executable_path/Frameworks @loader_path/Frameworks";
				PRODUCT_BUNDLE_IDENTIFIER = MobileComputing.iMenusTests;
				PRODUCT_NAME = "$(TARGET_NAME)";
				SWIFT_VERSION = 4.0;
				TARGETED_DEVICE_FAMILY = "1,2";
				TEST_HOST = "$(BUILT_PRODUCTS_DIR)/iMenus.app/iMenus";
			};
			name = Release;
		};
		F6E0317E20180822003233F4 /* Debug */ = {
			isa = XCBuildConfiguration;
			buildSettings = {
				ALWAYS_EMBED_SWIFT_STANDARD_LIBRARIES = YES;
				CODE_SIGN_STYLE = Automatic;
				INFOPLIST_FILE = iMenusUITests/Info.plist;
				LD_RUNPATH_SEARCH_PATHS = "$(inherited) @executable_path/Frameworks @loader_path/Frameworks";
				PRODUCT_BUNDLE_IDENTIFIER = MobileComputing.iMenusUITests;
				PRODUCT_NAME = "$(TARGET_NAME)";
				SWIFT_VERSION = 4.0;
				TARGETED_DEVICE_FAMILY = "1,2";
				TEST_TARGET_NAME = iMenus;
			};
			name = Debug;
		};
		F6E0317F20180822003233F4 /* Release */ = {
			isa = XCBuildConfiguration;
			buildSettings = {
				ALWAYS_EMBED_SWIFT_STANDARD_LIBRARIES = YES;
				CODE_SIGN_STYLE = Automatic;
				INFOPLIST_FILE = iMenusUITests/Info.plist;
				LD_RUNPATH_SEARCH_PATHS = "$(inherited) @executable_path/Frameworks @loader_path/Frameworks";
				PRODUCT_BUNDLE_IDENTIFIER = MobileComputing.iMenusUITests;
				PRODUCT_NAME = "$(TARGET_NAME)";
				SWIFT_VERSION = 4.0;
				TARGETED_DEVICE_FAMILY = "1,2";
				TEST_TARGET_NAME = iMenus;
			};
			name = Release;
		};
/* End XCBuildConfiguration section */

/* Begin XCConfigurationList section */
		F6E0314A20180822003233F4 /* Build configuration list for PBXProject "iMenus" */ = {
			isa = XCConfigurationList;
			buildConfigurations = (
				F6E0317520180822003233F4 /* Debug */,
				F6E0317620180822003233F4 /* Release */,
			);
			defaultConfigurationIsVisible = 0;
			defaultConfigurationName = Release;
		};
		F6E0317720180822003233F4 /* Build configuration list for PBXNativeTarget "iMenus" */ = {
			isa = XCConfigurationList;
			buildConfigurations = (
				F6E0317820180822003233F4 /* Debug */,
				F6E0317920180822003233F4 /* Release */,
			);
			defaultConfigurationIsVisible = 0;
			defaultConfigurationName = Release;
		};
		F6E0317A20180822003233F4 /* Build configuration list for PBXNativeTarget "iMenusTests" */ = {
			isa = XCConfigurationList;
			buildConfigurations = (
				F6E0317B20180822003233F4 /* Debug */,
				F6E0317C20180822003233F4 /* Release */,
			);
			defaultConfigurationIsVisible = 0;
			defaultConfigurationName = Release;
		};
		F6E0317D20180822003233F4 /* Build configuration list for PBXNativeTarget "iMenusUITests" */ = {
			isa = XCConfigurationList;
			buildConfigurations = (
				F6E0317E20180822003233F4 /* Debug */,
				F6E0317F20180822003233F4 /* Release */,
			);
			defaultConfigurationIsVisible = 0;
			defaultConfigurationName = Release;
		};
/* End XCConfigurationList section */
	};
	rootObject = F6E0314720180822003233F4 /* Project object */;
}
